// !$*UTF8*$!
{
	archiveVersion = 1;
	classes = {
	};
	objectVersion = 52;
	objects = {

/* Begin PBXBuildFile section */
		E12BE2532649E39100C9F1C5 /* TopRowButtons.swift in Sources */ = {isa = PBXBuildFile; fileRef = E12BE2522649E39100C9F1C5 /* TopRowButtons.swift */; };
		E12BE255264AAF9A00C9F1C5 /* MovieDetailView.swift in Sources */ = {isa = PBXBuildFile; fileRef = E12BE254264AAF9A00C9F1C5 /* MovieDetailView.swift */; };
		E12BE257264ABDF500C9F1C5 /* Episode.swift in Sources */ = {isa = PBXBuildFile; fileRef = E12BE256264ABDF500C9F1C5 /* Episode.swift */; };
		E12BE259264CA1E200C9F1C5 /* CustomTabSwitcherView.swift in Sources */ = {isa = PBXBuildFile; fileRef = E12BE258264CA1E200C9F1C5 /* CustomTabSwitcherView.swift */; };
		E12BE25B264D5CB400C9F1C5 /* MoreLikeThisView.swift in Sources */ = {isa = PBXBuildFile; fileRef = E12BE25A264D5CB400C9F1C5 /* MoreLikeThisView.swift */; };
		E14634B8264DA43700F83A22 /* Trailer.swift in Sources */ = {isa = PBXBuildFile; fileRef = E14634B7264DA43700F83A22 /* Trailer.swift */; };
		E14634BA264DA4A100F83A22 /* VideoPlayerView.swift in Sources */ = {isa = PBXBuildFile; fileRef = E14634B9264DA4A100F83A22 /* VideoPlayerView.swift */; };
		E14634BC264DA60300F83A22 /* VideoPreviewImageView.swift in Sources */ = {isa = PBXBuildFile; fileRef = E14634BB264DA60300F83A22 /* VideoPreviewImageView.swift */; };
		E14634BE264DA96300F83A22 /* TrailerListView.swift in Sources */ = {isa = PBXBuildFile; fileRef = E14634BD264DA96300F83A22 /* TrailerListView.swift */; };
		E16165E4264DC1D50004E1FF /* EpisodeView.swift in Sources */ = {isa = PBXBuildFile; fileRef = E16165E3264DC1D50004E1FF /* EpisodeView.swift */; };
		E17A9C2D26501B1300B4B32D /* HomeStack.swift in Sources */ = {isa = PBXBuildFile; fileRef = E17A9C2C26501B1200B4B32D /* HomeStack.swift */; };
		E17A9C2F2650730D00B4B32D /* OpaquePickerView.swift in Sources */ = {isa = PBXBuildFile; fileRef = E17A9C2E2650730D00B4B32D /* OpaquePickerView.swift */; };
		E17F816C26519A1500BFDC10 /* HomeTabView.swift in Sources */ = {isa = PBXBuildFile; fileRef = E17F816B26519A1500BFDC10 /* HomeTabView.swift */; };
		E1884793264864CF0062D774 /* Netflix___CloneApp.swift in Sources */ = {isa = PBXBuildFile; fileRef = E1884792264864CF0062D774 /* Netflix___CloneApp.swift */; };
		E1884797264864D20062D774 /* Assets.xcassets in Resources */ = {isa = PBXBuildFile; fileRef = E1884796264864D20062D774 /* Assets.xcassets */; };
		E188479A264864D20062D774 /* Preview Assets.xcassets in Resources */ = {isa = PBXBuildFile; fileRef = E1884799264864D20062D774 /* Preview Assets.xcassets */; };
		E18847A2264867D70062D774 /* HomeView.swift in Sources */ = {isa = PBXBuildFile; fileRef = E18847A1264867D70062D774 /* HomeView.swift */; };
		E18847A5264869EF0062D774 /* Kingfisher in Frameworks */ = {isa = PBXBuildFile; productRef = E18847A4264869EF0062D774 /* Kingfisher */; };
		E18847A726486A1B0062D774 /* Movie.swift in Sources */ = {isa = PBXBuildFile; fileRef = E18847A626486A1B0062D774 /* Movie.swift */; };
		E18847A926486A940062D774 /* StandardHomeMovie.swift in Sources */ = {isa = PBXBuildFile; fileRef = E18847A826486A940062D774 /* StandardHomeMovie.swift */; };
		E18847AB26486B060062D774 /* GlobalHelpers.swift in Sources */ = {isa = PBXBuildFile; fileRef = E18847AA26486B060062D774 /* GlobalHelpers.swift */; };
		E18847AD26486D290062D774 /* HomeViewModel.swift in Sources */ = {isa = PBXBuildFile; fileRef = E18847AC26486D290062D774 /* HomeViewModel.swift */; };
		E18847AF26487FE10062D774 /* TopMoviePreview.swift in Sources */ = {isa = PBXBuildFile; fileRef = E18847AE26487FE10062D774 /* TopMoviePreview.swift */; };
		E18847B1264885B80062D774 /* TopMoviePreviewViewModel.swift in Sources */ = {isa = PBXBuildFile; fileRef = E18847B0264885B80062D774 /* TopMoviePreviewViewModel.swift */; };
		E18847B3264963C50062D774 /* SmallVerticalButton.swift in Sources */ = {isa = PBXBuildFile; fileRef = E18847B2264963C50062D774 /* SmallVerticalButton.swift */; };
		E18847B5264974E60062D774 /* PlayButton.swift in Sources */ = {isa = PBXBuildFile; fileRef = E18847B4264974E60062D774 /* PlayButton.swift */; };
/* End PBXBuildFile section */

/* Begin PBXFileReference section */
		E12BE2522649E39100C9F1C5 /* TopRowButtons.swift */ = {isa = PBXFileReference; lastKnownFileType = sourcecode.swift; path = TopRowButtons.swift; sourceTree = "<group>"; };
		E12BE254264AAF9A00C9F1C5 /* MovieDetailView.swift */ = {isa = PBXFileReference; lastKnownFileType = sourcecode.swift; path = MovieDetailView.swift; sourceTree = "<group>"; };
		E12BE256264ABDF500C9F1C5 /* Episode.swift */ = {isa = PBXFileReference; lastKnownFileType = sourcecode.swift; path = Episode.swift; sourceTree = "<group>"; };
		E12BE258264CA1E200C9F1C5 /* CustomTabSwitcherView.swift */ = {isa = PBXFileReference; lastKnownFileType = sourcecode.swift; path = CustomTabSwitcherView.swift; sourceTree = "<group>"; };
		E12BE25A264D5CB400C9F1C5 /* MoreLikeThisView.swift */ = {isa = PBXFileReference; lastKnownFileType = sourcecode.swift; path = MoreLikeThisView.swift; sourceTree = "<group>"; };
		E14634B7264DA43700F83A22 /* Trailer.swift */ = {isa = PBXFileReference; lastKnownFileType = sourcecode.swift; path = Trailer.swift; sourceTree = "<group>"; };
		E14634B9264DA4A100F83A22 /* VideoPlayerView.swift */ = {isa = PBXFileReference; lastKnownFileType = sourcecode.swift; path = VideoPlayerView.swift; sourceTree = "<group>"; };
		E14634BB264DA60300F83A22 /* VideoPreviewImageView.swift */ = {isa = PBXFileReference; lastKnownFileType = sourcecode.swift; path = VideoPreviewImageView.swift; sourceTree = "<group>"; };
		E14634BD264DA96300F83A22 /* TrailerListView.swift */ = {isa = PBXFileReference; lastKnownFileType = sourcecode.swift; name = TrailerListView.swift; path = "Netflix - Clone/HelperViews/TrailerListView.swift"; sourceTree = SOURCE_ROOT; };
		E16165E3264DC1D50004E1FF /* EpisodeView.swift */ = {isa = PBXFileReference; lastKnownFileType = sourcecode.swift; name = EpisodeView.swift; path = "Netflix - Clone/HelperViews/EpisodeView.swift"; sourceTree = SOURCE_ROOT; };
		E17A9C2C26501B1200B4B32D /* HomeStack.swift */ = {isa = PBXFileReference; lastKnownFileType = sourcecode.swift; path = HomeStack.swift; sourceTree = "<group>"; };
		E17A9C2E2650730D00B4B32D /* OpaquePickerView.swift */ = {isa = PBXFileReference; lastKnownFileType = sourcecode.swift; path = OpaquePickerView.swift; sourceTree = "<group>"; };
		E17F816B26519A1500BFDC10 /* HomeTabView.swift */ = {isa = PBXFileReference; lastKnownFileType = sourcecode.swift; name = HomeTabView.swift; path = homepage/HomeTabView.swift; sourceTree = "<group>"; };
		E188478F264864CF0062D774 /* Netflix - Clone.app */ = {isa = PBXFileReference; explicitFileType = wrapper.application; includeInIndex = 0; path = "Netflix - Clone.app"; sourceTree = BUILT_PRODUCTS_DIR; };
		E1884792264864CF0062D774 /* Netflix___CloneApp.swift */ = {isa = PBXFileReference; lastKnownFileType = sourcecode.swift; path = "Netflix___CloneApp.swift"; sourceTree = "<group>"; };
		E1884796264864D20062D774 /* Assets.xcassets */ = {isa = PBXFileReference; lastKnownFileType = folder.assetcatalog; path = Assets.xcassets; sourceTree = "<group>"; };
		E1884799264864D20062D774 /* Preview Assets.xcassets */ = {isa = PBXFileReference; lastKnownFileType = folder.assetcatalog; path = "Preview Assets.xcassets"; sourceTree = "<group>"; };
		E188479B264864D20062D774 /* Info.plist */ = {isa = PBXFileReference; lastKnownFileType = text.plist.xml; path = Info.plist; sourceTree = "<group>"; };
		E18847A1264867D70062D774 /* HomeView.swift */ = {isa = PBXFileReference; lastKnownFileType = sourcecode.swift; path = HomeView.swift; sourceTree = "<group>"; };
		E18847A626486A1B0062D774 /* Movie.swift */ = {isa = PBXFileReference; lastKnownFileType = sourcecode.swift; path = Movie.swift; sourceTree = "<group>"; };
		E18847A826486A940062D774 /* StandardHomeMovie.swift */ = {isa = PBXFileReference; lastKnownFileType = sourcecode.swift; path = StandardHomeMovie.swift; sourceTree = "<group>"; };
		E18847AA26486B060062D774 /* GlobalHelpers.swift */ = {isa = PBXFileReference; lastKnownFileType = sourcecode.swift; path = GlobalHelpers.swift; sourceTree = "<group>"; };
		E18847AC26486D290062D774 /* HomeViewModel.swift */ = {isa = PBXFileReference; lastKnownFileType = sourcecode.swift; path = HomeViewModel.swift; sourceTree = "<group>"; };
		E18847AE26487FE10062D774 /* TopMoviePreview.swift */ = {isa = PBXFileReference; lastKnownFileType = sourcecode.swift; path = TopMoviePreview.swift; sourceTree = "<group>"; };
		E18847B0264885B80062D774 /* TopMoviePreviewViewModel.swift */ = {isa = PBXFileReference; lastKnownFileType = sourcecode.swift; path = TopMoviePreviewViewModel.swift; sourceTree = "<group>"; };
		E18847B2264963C50062D774 /* SmallVerticalButton.swift */ = {isa = PBXFileReference; lastKnownFileType = sourcecode.swift; path = SmallVerticalButton.swift; sourceTree = "<group>"; };
		E18847B4264974E60062D774 /* PlayButton.swift */ = {isa = PBXFileReference; lastKnownFileType = sourcecode.swift; path = PlayButton.swift; sourceTree = "<group>"; };
/* End PBXFileReference section */

/* Begin PBXFrameworksBuildPhase section */
		E188478C264864CF0062D774 /* Frameworks */ = {
			isa = PBXFrameworksBuildPhase;
			buildActionMask = 2147483647;
			files = (
				E18847A5264869EF0062D774 /* Kingfisher in Frameworks */,
			);
			runOnlyForDeploymentPostprocessing = 0;
		};
/* End PBXFrameworksBuildPhase section */

/* Begin PBXGroup section */
		E12BE25D264D5E2100C9F1C5 /* ViewModels */ = {
			isa = PBXGroup;
			children = (
				E18847B0264885B80062D774 /* TopMoviePreviewViewModel.swift */,
				E18847AC26486D290062D774 /* HomeViewModel.swift */,
			);
			path = ViewModels;
			sourceTree = "<group>";
		};
		E12BE25E264D5E5300C9F1C5 /* MovieDetail */ = {
			isa = PBXGroup;
			children = (
				E12BE254264AAF9A00C9F1C5 /* MovieDetailView.swift */,
				E16165E3264DC1D50004E1FF /* EpisodeView.swift */,
				E14634BD264DA96300F83A22 /* TrailerListView.swift */,
				E12BE25A264D5CB400C9F1C5 /* MoreLikeThisView.swift */,
			);
			path = MovieDetail;
			sourceTree = "<group>";
		};
		E12BE25F264D5EFF00C9F1C5 /* homepage */ = {
			isa = PBXGroup;
			children = (
				E18847A1264867D70062D774 /* HomeView.swift */,
				E17A9C2C26501B1200B4B32D /* HomeStack.swift */,
				E12BE264264D637900C9F1C5 /* helperViews */,
			);
			path = homepage;
			sourceTree = "<group>";
		};
		E12BE260264D5F3600C9F1C5 /* HelperViews */ = {
			isa = PBXGroup;
			children = (
				E17A9C2E2650730D00B4B32D /* OpaquePickerView.swift */,
				E14634B9264DA4A100F83A22 /* VideoPlayerView.swift */,
				E18847A826486A940062D774 /* StandardHomeMovie.swift */,
				E12BE258264CA1E200C9F1C5 /* CustomTabSwitcherView.swift */,
				E18847B2264963C50062D774 /* SmallVerticalButton.swift */,
				E18847B4264974E60062D774 /* PlayButton.swift */,
				E14634BB264DA60300F83A22 /* VideoPreviewImageView.swift */,
			);
			path = HelperViews;
			sourceTree = "<group>";
		};
		E12BE264264D637900C9F1C5 /* helperViews */ = {
			isa = PBXGroup;
			children = (
				E12BE2522649E39100C9F1C5 /* TopRowButtons.swift */,
				E18847AE26487FE10062D774 /* TopMoviePreview.swift */,
			);
			path = helperViews;
			sourceTree = "<group>";
		};
		E12BE266264D63E500C9F1C5 /* Views */ = {
			isa = PBXGroup;
			children = (
				E12BE25F264D5EFF00C9F1C5 /* homepage */,
				E12BE25E264D5E5300C9F1C5 /* MovieDetail */,
				E17F816B26519A1500BFDC10 /* HomeTabView.swift */,
			);
			path = Views;
			sourceTree = "<group>";
		};
		E12BE267264D63FC00C9F1C5 /* Models */ = {
			isa = PBXGroup;
			children = (
				E14634B7264DA43700F83A22 /* Trailer.swift */,
				E12BE256264ABDF500C9F1C5 /* Episode.swift */,
				E18847A626486A1B0062D774 /* Movie.swift */,
			);
			path = Models;
			sourceTree = "<group>";
		};
		E1884786264864CF0062D774 = {
			isa = PBXGroup;
			children = (
				E1884791264864CF0062D774 /* Netflix - Clone */,
				E1884790264864CF0062D774 /* Products */,
			);
			sourceTree = "<group>";
		};
		E1884790264864CF0062D774 /* Products */ = {
			isa = PBXGroup;
			children = (
				E188478F264864CF0062D774 /* Netflix - Clone.app */,
			);
			name = Products;
			sourceTree = "<group>";
		};
		E1884791264864CF0062D774 /* Netflix - Clone */ = {
			isa = PBXGroup;
			children = (
				E1884792264864CF0062D774 /* Netflix___CloneApp.swift */,
				E12BE267264D63FC00C9F1C5 /* Models */,
				E12BE266264D63E500C9F1C5 /* Views */,
				E12BE25D264D5E2100C9F1C5 /* ViewModels */,
				E12BE260264D5F3600C9F1C5 /* HelperViews */,
				E18847AA26486B060062D774 /* GlobalHelpers.swift */,
				E1884796264864D20062D774 /* Assets.xcassets */,
				E188479B264864D20062D774 /* Info.plist */,
				E1884798264864D20062D774 /* Preview Content */,
			);
			path = "Netflix - Clone";
			sourceTree = "<group>";
		};
		E1884798264864D20062D774 /* Preview Content */ = {
			isa = PBXGroup;
			children = (
				E1884799264864D20062D774 /* Preview Assets.xcassets */,
			);
			path = "Preview Content";
			sourceTree = "<group>";
		};
/* End PBXGroup section */

/* Begin PBXNativeTarget section */
		E188478E264864CF0062D774 /* Netflix - Clone */ = {
			isa = PBXNativeTarget;
			buildConfigurationList = E188479E264864D20062D774 /* Build configuration list for PBXNativeTarget "Netflix - Clone" */;
			buildPhases = (
				E188478B264864CF0062D774 /* Sources */,
				E188478C264864CF0062D774 /* Frameworks */,
				E188478D264864CF0062D774 /* Resources */,
			);
			buildRules = (
			);
			dependencies = (
			);
			name = "Netflix - Clone";
			packageProductDependencies = (
				E18847A4264869EF0062D774 /* Kingfisher */,
			);
			productName = "Netflix - Clone";
			productReference = E188478F264864CF0062D774 /* Netflix - Clone.app */;
			productType = "com.apple.product-type.application";
		};
/* End PBXNativeTarget section */

/* Begin PBXProject section */
		E1884787264864CF0062D774 /* Project object */ = {
			isa = PBXProject;
			attributes = {
				LastSwiftUpdateCheck = 1250;
				LastUpgradeCheck = 1250;
				TargetAttributes = {
					E188478E264864CF0062D774 = {
						CreatedOnToolsVersion = 12.5;
					};
				};
			};
			buildConfigurationList = E188478A264864CF0062D774 /* Build configuration list for PBXProject "Netflix - Clone" */;
			compatibilityVersion = "Xcode 9.3";
			developmentRegion = en;
			hasScannedForEncodings = 0;
			knownRegions = (
				en,
				Base,
			);
			mainGroup = E1884786264864CF0062D774;
			packageReferences = (
				E18847A3264869EF0062D774 /* XCRemoteSwiftPackageReference "Kingfisher" */,
			);
			productRefGroup = E1884790264864CF0062D774 /* Products */;
			projectDirPath = "";
			projectRoot = "";
			targets = (
				E188478E264864CF0062D774 /* Netflix - Clone */,
			);
		};
/* End PBXProject section */

/* Begin PBXResourcesBuildPhase section */
		E188478D264864CF0062D774 /* Resources */ = {
			isa = PBXResourcesBuildPhase;
			buildActionMask = 2147483647;
			files = (
				E188479A264864D20062D774 /* Preview Assets.xcassets in Resources */,
				E1884797264864D20062D774 /* Assets.xcassets in Resources */,
			);
			runOnlyForDeploymentPostprocessing = 0;
		};
/* End PBXResourcesBuildPhase section */

/* Begin PBXSourcesBuildPhase section */
		E188478B264864CF0062D774 /* Sources */ = {
			isa = PBXSourcesBuildPhase;
			buildActionMask = 2147483647;
			files = (
				E18847AB26486B060062D774 /* GlobalHelpers.swift in Sources */,
				E14634BE264DA96300F83A22 /* TrailerListView.swift in Sources */,
				E12BE259264CA1E200C9F1C5 /* CustomTabSwitcherView.swift in Sources */,
				E18847A2264867D70062D774 /* HomeView.swift in Sources */,
				E16165E4264DC1D50004E1FF /* EpisodeView.swift in Sources */,
				E14634BC264DA60300F83A22 /* VideoPreviewImageView.swift in Sources */,
				E18847B5264974E60062D774 /* PlayButton.swift in Sources */,
				E18847AD26486D290062D774 /* HomeViewModel.swift in Sources */,
				E14634BA264DA4A100F83A22 /* VideoPlayerView.swift in Sources */,
				E12BE2532649E39100C9F1C5 /* TopRowButtons.swift in Sources */,
				E18847A926486A940062D774 /* StandardHomeMovie.swift in Sources */,
				E12BE255264AAF9A00C9F1C5 /* MovieDetailView.swift in Sources */,
				E18847AF26487FE10062D774 /* TopMoviePreview.swift in Sources */,
				E12BE257264ABDF500C9F1C5 /* Episode.swift in Sources */,
				E18847B1264885B80062D774 /* TopMoviePreviewViewModel.swift in Sources */,
				E14634B8264DA43700F83A22 /* Trailer.swift in Sources */,
				E12BE25B264D5CB400C9F1C5 /* MoreLikeThisView.swift in Sources */,
				E18847A726486A1B0062D774 /* Movie.swift in Sources */,
				E1884793264864CF0062D774 /* Netflix___CloneApp.swift in Sources */,
				E17A9C2F2650730D00B4B32D /* OpaquePickerView.swift in Sources */,
				E17F816C26519A1500BFDC10 /* HomeTabView.swift in Sources */,
				E18847B3264963C50062D774 /* SmallVerticalButton.swift in Sources */,
				E17A9C2D26501B1300B4B32D /* HomeStack.swift in Sources */,
			);
			runOnlyForDeploymentPostprocessing = 0;
		};
/* End PBXSourcesBuildPhase section */

/* Begin XCBuildConfiguration section */
		E188479C264864D20062D774 /* Debug */ = {
			isa = XCBuildConfiguration;
			buildSettings = {
				ALWAYS_SEARCH_USER_PATHS = NO;
				CLANG_ANALYZER_NONNULL = YES;
				CLANG_ANALYZER_NUMBER_OBJECT_CONVERSION = YES_AGGRESSIVE;
				CLANG_CXX_LANGUAGE_STANDARD = "gnu++14";
				CLANG_CXX_LIBRARY = "libc++";
				CLANG_ENABLE_MODULES = YES;
				CLANG_ENABLE_OBJC_ARC = YES;
				CLANG_ENABLE_OBJC_WEAK = YES;
				CLANG_WARN_BLOCK_CAPTURE_AUTORELEASING = YES;
				CLANG_WARN_BOOL_CONVERSION = YES;
				CLANG_WARN_COMMA = YES;
				CLANG_WARN_CONSTANT_CONVERSION = YES;
				CLANG_WARN_DEPRECATED_OBJC_IMPLEMENTATIONS = YES;
				CLANG_WARN_DIRECT_OBJC_ISA_USAGE = YES_ERROR;
				CLANG_WARN_DOCUMENTATION_COMMENTS = YES;
				CLANG_WARN_EMPTY_BODY = YES;
				CLANG_WARN_ENUM_CONVERSION = YES;
				CLANG_WARN_INFINITE_RECURSION = YES;
				CLANG_WARN_INT_CONVERSION = YES;
				CLANG_WARN_NON_LITERAL_NULL_CONVERSION = YES;
				CLANG_WARN_OBJC_IMPLICIT_RETAIN_SELF = YES;
				CLANG_WARN_OBJC_LITERAL_CONVERSION = YES;
				CLANG_WARN_OBJC_ROOT_CLASS = YES_ERROR;
				CLANG_WARN_QUOTED_INCLUDE_IN_FRAMEWORK_HEADER = YES;
				CLANG_WARN_RANGE_LOOP_ANALYSIS = YES;
				CLANG_WARN_STRICT_PROTOTYPES = YES;
				CLANG_WARN_SUSPICIOUS_MOVE = YES;
				CLANG_WARN_UNGUARDED_AVAILABILITY = YES_AGGRESSIVE;
				CLANG_WARN_UNREACHABLE_CODE = YES;
				CLANG_WARN__DUPLICATE_METHOD_MATCH = YES;
				COPY_PHASE_STRIP = NO;
				DEBUG_INFORMATION_FORMAT = dwarf;
				ENABLE_STRICT_OBJC_MSGSEND = YES;
				ENABLE_TESTABILITY = YES;
				GCC_C_LANGUAGE_STANDARD = gnu11;
				GCC_DYNAMIC_NO_PIC = NO;
				GCC_NO_COMMON_BLOCKS = YES;
				GCC_OPTIMIZATION_LEVEL = 0;
				GCC_PREPROCESSOR_DEFINITIONS = (
					"DEBUG=1",
					"$(inherited)",
				);
				GCC_WARN_64_TO_32_BIT_CONVERSION = YES;
				GCC_WARN_ABOUT_RETURN_TYPE = YES_ERROR;
				GCC_WARN_UNDECLARED_SELECTOR = YES;
				GCC_WARN_UNINITIALIZED_AUTOS = YES_AGGRESSIVE;
				GCC_WARN_UNUSED_FUNCTION = YES;
				GCC_WARN_UNUSED_VARIABLE = YES;
				IPHONEOS_DEPLOYMENT_TARGET = 13.0;
				MTL_ENABLE_DEBUG_INFO = INCLUDE_SOURCE;
				MTL_FAST_MATH = YES;
				ONLY_ACTIVE_ARCH = YES;
				SDKROOT = iphoneos;
				SWIFT_ACTIVE_COMPILATION_CONDITIONS = DEBUG;
				SWIFT_OPTIMIZATION_LEVEL = "-Onone";
			};
			name = Debug;
		};
		E188479D264864D20062D774 /* Release */ = {
			isa = XCBuildConfiguration;
			buildSettings = {
				ALWAYS_SEARCH_USER_PATHS = NO;
				CLANG_ANALYZER_NONNULL = YES;
				CLANG_ANALYZER_NUMBER_OBJECT_CONVERSION = YES_AGGRESSIVE;
				CLANG_CXX_LANGUAGE_STANDARD = "gnu++14";
				CLANG_CXX_LIBRARY = "libc++";
				CLANG_ENABLE_MODULES = YES;
				CLANG_ENABLE_OBJC_ARC = YES;
				CLANG_ENABLE_OBJC_WEAK = YES;
				CLANG_WARN_BLOCK_CAPTURE_AUTORELEASING = YES;
				CLANG_WARN_BOOL_CONVERSION = YES;
				CLANG_WARN_COMMA = YES;
				CLANG_WARN_CONSTANT_CONVERSION = YES;
				CLANG_WARN_DEPRECATED_OBJC_IMPLEMENTATIONS = YES;
				CLANG_WARN_DIRECT_OBJC_ISA_USAGE = YES_ERROR;
				CLANG_WARN_DOCUMENTATION_COMMENTS = YES;
				CLANG_WARN_EMPTY_BODY = YES;
				CLANG_WARN_ENUM_CONVERSION = YES;
				CLANG_WARN_INFINITE_RECURSION = YES;
				CLANG_WARN_INT_CONVERSION = YES;
				CLANG_WARN_NON_LITERAL_NULL_CONVERSION = YES;
				CLANG_WARN_OBJC_IMPLICIT_RETAIN_SELF = YES;
				CLANG_WARN_OBJC_LITERAL_CONVERSION = YES;
				CLANG_WARN_OBJC_ROOT_CLASS = YES_ERROR;
				CLANG_WARN_QUOTED_INCLUDE_IN_FRAMEWORK_HEADER = YES;
				CLANG_WARN_RANGE_LOOP_ANALYSIS = YES;
				CLANG_WARN_STRICT_PROTOTYPES = YES;
				CLANG_WARN_SUSPICIOUS_MOVE = YES;
				CLANG_WARN_UNGUARDED_AVAILABILITY = YES_AGGRESSIVE;
				CLANG_WARN_UNREACHABLE_CODE = YES;
				CLANG_WARN__DUPLICATE_METHOD_MATCH = YES;
				COPY_PHASE_STRIP = NO;
				DEBUG_INFORMATION_FORMAT = "dwarf-with-dsym";
				ENABLE_NS_ASSERTIONS = NO;
				ENABLE_STRICT_OBJC_MSGSEND = YES;
				GCC_C_LANGUAGE_STANDARD = gnu11;
				GCC_NO_COMMON_BLOCKS = YES;
				GCC_WARN_64_TO_32_BIT_CONVERSION = YES;
				GCC_WARN_ABOUT_RETURN_TYPE = YES_ERROR;
				GCC_WARN_UNDECLARED_SELECTOR = YES;
				GCC_WARN_UNINITIALIZED_AUTOS = YES_AGGRESSIVE;
				GCC_WARN_UNUSED_FUNCTION = YES;
				GCC_WARN_UNUSED_VARIABLE = YES;
				IPHONEOS_DEPLOYMENT_TARGET = 13.0;
				MTL_ENABLE_DEBUG_INFO = NO;
				MTL_FAST_MATH = YES;
				SDKROOT = iphoneos;
				SWIFT_COMPILATION_MODE = wholemodule;
				SWIFT_OPTIMIZATION_LEVEL = "-O";
				VALIDATE_PRODUCT = YES;
			};
			name = Release;
		};
		E188479F264864D20062D774 /* Debug */ = {
			isa = XCBuildConfiguration;
			buildSettings = {
				ASSETCATALOG_COMPILER_APPICON_NAME = AppIcon;
				ASSETCATALOG_COMPILER_GLOBAL_ACCENT_COLOR_NAME = AccentColor;
				CODE_SIGN_STYLE = Automatic;
				DEVELOPMENT_ASSET_PATHS = "\"Netflix - Clone/Preview Content\"";
				DEVELOPMENT_TEAM = R38K25C8UB;
				ENABLE_PREVIEWS = YES;
				INFOPLIST_FILE = "Netflix - Clone/Info.plist";
				IPHONEOS_DEPLOYMENT_TARGET = 14.1;
				LD_RUNPATH_SEARCH_PATHS = (
					"$(inherited)",
					"@executable_path/Frameworks",
				);
				PRODUCT_BUNDLE_IDENTIFIER = "ozhayta.Netflix---Clone";
				PRODUCT_NAME = "$(TARGET_NAME)";
				SWIFT_VERSION = 5.0;
				TARGETED_DEVICE_FAMILY = "1,2";
			};
			name = Debug;
		};
		E18847A0264864D20062D774 /* Release */ = {
			isa = XCBuildConfiguration;
			buildSettings = {
				ASSETCATALOG_COMPILER_APPICON_NAME = AppIcon;
				ASSETCATALOG_COMPILER_GLOBAL_ACCENT_COLOR_NAME = AccentColor;
				CODE_SIGN_STYLE = Automatic;
				DEVELOPMENT_ASSET_PATHS = "\"Netflix - Clone/Preview Content\"";
				DEVELOPMENT_TEAM = R38K25C8UB;
				ENABLE_PREVIEWS = YES;
				INFOPLIST_FILE = "Netflix - Clone/Info.plist";
				IPHONEOS_DEPLOYMENT_TARGET = 14.1;
				LD_RUNPATH_SEARCH_PATHS = (
					"$(inherited)",
					"@executable_path/Frameworks",
				);
				PRODUCT_BUNDLE_IDENTIFIER = "ozhayta.Netflix---Clone";
				PRODUCT_NAME = "$(TARGET_NAME)";
				SWIFT_VERSION = 5.0;
				TARGETED_DEVICE_FAMILY = "1,2";
			};
			name = Release;
		};
/* End XCBuildConfiguration section */

/* Begin XCConfigurationList section */
		E188478A264864CF0062D774 /* Build configuration list for PBXProject "Netflix - Clone" */ = {
			isa = XCConfigurationList;
			buildConfigurations = (
				E188479C264864D20062D774 /* Debug */,
				E188479D264864D20062D774 /* Release */,
			);
			defaultConfigurationIsVisible = 0;
			defaultConfigurationName = Release;
		};
		E188479E264864D20062D774 /* Build configuration list for PBXNativeTarget "Netflix - Clone" */ = {
			isa = XCConfigurationList;
			buildConfigurations = (
				E188479F264864D20062D774 /* Debug */,
				E18847A0264864D20062D774 /* Release */,
			);
			defaultConfigurationIsVisible = 0;
			defaultConfigurationName = Release;
		};
/* End XCConfigurationList section */

/* Begin XCRemoteSwiftPackageReference section */
		E18847A3264869EF0062D774 /* XCRemoteSwiftPackageReference "Kingfisher" */ = {
			isa = XCRemoteSwiftPackageReference;
			repositoryURL = "https://github.com/onevcat/Kingfisher";
			requirement = {
				kind = upToNextMajorVersion;
				minimumVersion = 6.3.0;
			};
		};
/* End XCRemoteSwiftPackageReference section */

/* Begin XCSwiftPackageProductDependency section */
		E18847A4264869EF0062D774 /* Kingfisher */ = {
			isa = XCSwiftPackageProductDependency;
			package = E18847A3264869EF0062D774 /* XCRemoteSwiftPackageReference "Kingfisher" */;
			productName = Kingfisher;
		};
/* End XCSwiftPackageProductDependency section */
	};
	rootObject = E1884787264864CF0062D774 /* Project object */;
}
